
Microsoft Visual Studio Solution File, Format Version 12.00
# Visual Studio Version 17
VisualStudioVersion = 17.0.31410.414
MinimumVisualStudioVersion = 10.0.40219.1
Project("{FAE04EC0-301F-11D3-BF4B-00C04F79EFBC}") = "HexMaster.SimpleApi", "HexMaster.SimpleApi\HexMaster.SimpleApi.csproj", "{667398BD-4E71-433C-8738-B1A0396D95BD}"
EndProject
Global
	GlobalSection(SolutionConfigurationPlatforms) = preSolution
		Debug|Any CPU = Debug|Any CPU
		Release|Any CPU = Release|Any CPU
	EndGlobalSection
	GlobalSection(ProjectConfigurationPlatforms) = postSolution
		{667398BD-4E71-433C-8738-B1A0396D95BD}.Debug|Any CPU.ActiveCfg = Debug|Any CPU
		{667398BD-4E71-433C-8738-B1A0396D95BD}.Debug|Any CPU.Build.0 = Debug|Any CPU
		{667398BD-4E71-433C-8738-B1A0396D95BD}.Release|Any CPU.ActiveCfg = Release|Any CPU
		{667398BD-4E71-433C-8738-B1A0396D95BD}.Release|Any CPU.Build.0 = Release|Any CPU
	EndGlobalSection
	GlobalSection(SolutionProperties) = preSolution
		HideSolutionNode = FALSE
	EndGlobalSection
	GlobalSection(ExtensibilityGlobals) = postSolution
		SolutionGuid = {B015B7C3-8054-4A65-B9B3-746D58A5411E}
	EndGlobalSection
EndGlobal
